
Microsoft Visual Studio Solution File, Format Version 12.00
# Visual Studio Version 16
VisualStudioVersion = 16.0.31605.320
MinimumVisualStudioVersion = 10.0.40219.1
Project("{FAE04EC0-301F-11D3-BF4B-00C04F79EFBC}") = "Assignment1608", "Assignment1608.csproj", "{5877528E-3827-4A08-AF93-ACF0CC76AEDA}"
EndProject
Global
	GlobalSection(SolutionConfigurationPlatforms) = preSolution
		Debug|Any CPU = Debug|Any CPU
		Release|Any CPU = Release|Any CPU
	EndGlobalSection
	GlobalSection(ProjectConfigurationPlatforms) = postSolution
		{5877528E-3827-4A08-AF93-ACF0CC76AEDA}.Debug|Any CPU.ActiveCfg = Debug|Any CPU
		{5877528E-3827-4A08-AF93-ACF0CC76AEDA}.Debug|Any CPU.Build.0 = Debug|Any CPU
		{5877528E-3827-4A08-AF93-ACF0CC76AEDA}.Release|Any CPU.ActiveCfg = Release|Any CPU
		{5877528E-3827-4A08-AF93-ACF0CC76AEDA}.Release|Any CPU.Build.0 = Release|Any CPU
	EndGlobalSection
	GlobalSection(SolutionProperties) = preSolution
		HideSolutionNode = FALSE
	EndGlobalSection
	GlobalSection(ExtensibilityGlobals) = postSolution
		SolutionGuid = {0DD40B80-73F5-466E-AD99-20CCE76ACA39}
	EndGlobalSection
EndGlobal
